
Microsoft Visual Studio Solution File, Format Version 12.00
# Visual Studio Version 16
VisualStudioVersion = 16.0.31005.135
MinimumVisualStudioVersion = 10.0.40219.1
Project("{FAE04EC0-301F-11D3-BF4B-00C04F79EFBC}") = "ProfileBook.Android", "ProfileBook\ProfileBook.Android\ProfileBook.Android.csproj", "{7F07963E-74FC-4AB6-B430-DBE12B68112E}"
EndProject
Project("{FAE04EC0-301F-11D3-BF4B-00C04F79EFBC}") = "ProfileBook.iOS", "ProfileBook\ProfileBook.iOS\ProfileBook.iOS.csproj", "{66E08892-7A0D-4733-BA85-07DDDC9D2D2F}"
EndProject
Project("{FAE04EC0-301F-11D3-BF4B-00C04F79EFBC}") = "ProfileBook", "ProfileBook\ProfileBook\ProfileBook.csproj", "{01601852-C477-4A83-91A9-9840F7077C51}"
EndProject
Global
	GlobalSection(SolutionConfigurationPlatforms) = preSolution
		Debug|Any CPU = Debug|Any CPU
		Debug|iPhone = Debug|iPhone
		Debug|iPhoneSimulator = Debug|iPhoneSimulator
		Release|Any CPU = Release|Any CPU
		Release|iPhone = Release|iPhone
		Release|iPhoneSimulator = Release|iPhoneSimulator
	EndGlobalSection
	GlobalSection(ProjectConfigurationPlatforms) = postSolution
		{7F07963E-74FC-4AB6-B430-DBE12B68112E}.Debug|Any CPU.ActiveCfg = Debug|Any CPU
		{7F07963E-74FC-4AB6-B430-DBE12B68112E}.Debug|Any CPU.Build.0 = Debug|Any CPU
		{7F07963E-74FC-4AB6-B430-DBE12B68112E}.Debug|Any CPU.Deploy.0 = Debug|Any CPU
		{7F07963E-74FC-4AB6-B430-DBE12B68112E}.Debug|iPhone.ActiveCfg = Debug|Any CPU
		{7F07963E-74FC-4AB6-B430-DBE12B68112E}.Debug|iPhone.Build.0 = Debug|Any CPU
		{7F07963E-74FC-4AB6-B430-DBE12B68112E}.Debug|iPhone.Deploy.0 = Debug|Any CPU
		{7F07963E-74FC-4AB6-B430-DBE12B68112E}.Debug|iPhoneSimulator.ActiveCfg = Debug|Any CPU
		{7F07963E-74FC-4AB6-B430-DBE12B68112E}.Debug|iPhoneSimulator.Build.0 = Debug|Any CPU
		{7F07963E-74FC-4AB6-B430-DBE12B68112E}.Debug|iPhoneSimulator.Deploy.0 = Debug|Any CPU
		{7F07963E-74FC-4AB6-B430-DBE12B68112E}.Release|Any CPU.ActiveCfg = Release|Any CPU
		{7F07963E-74FC-4AB6-B430-DBE12B68112E}.Release|Any CPU.Build.0 = Release|Any CPU
		{7F07963E-74FC-4AB6-B430-DBE12B68112E}.Release|Any CPU.Deploy.0 = Release|Any CPU
		{7F07963E-74FC-4AB6-B430-DBE12B68112E}.Release|iPhone.ActiveCfg = Release|Any CPU
		{7F07963E-74FC-4AB6-B430-DBE12B68112E}.Release|iPhone.Build.0 = Release|Any CPU
		{7F07963E-74FC-4AB6-B430-DBE12B68112E}.Release|iPhone.Deploy.0 = Release|Any CPU
		{7F07963E-74FC-4AB6-B430-DBE12B68112E}.Release|iPhoneSimulator.ActiveCfg = Release|Any CPU
		{7F07963E-74FC-4AB6-B430-DBE12B68112E}.Release|iPhoneSimulator.Build.0 = Release|Any CPU
		{7F07963E-74FC-4AB6-B430-DBE12B68112E}.Release|iPhoneSimulator.Deploy.0 = Release|Any CPU
		{66E08892-7A0D-4733-BA85-07DDDC9D2D2F}.Debug|Any CPU.ActiveCfg = Debug|iPhone
		{66E08892-7A0D-4733-BA85-07DDDC9D2D2F}.Debug|Any CPU.Build.0 = Debug|iPhone
		{66E08892-7A0D-4733-BA85-07DDDC9D2D2F}.Debug|Any CPU.Deploy.0 = Debug|iPhone
		{66E08892-7A0D-4733-BA85-07DDDC9D2D2F}.Debug|iPhone.ActiveCfg = Debug|iPhone
		{66E08892-7A0D-4733-BA85-07DDDC9D2D2F}.Debug|iPhone.Build.0 = Debug|iPhone
		{66E08892-7A0D-4733-BA85-07DDDC9D2D2F}.Debug|iPhone.Deploy.0 = Debug|iPhone
		{66E08892-7A0D-4733-BA85-07DDDC9D2D2F}.Debug|iPhoneSimulator.ActiveCfg = Debug|iPhoneSimulator
		{66E08892-7A0D-4733-BA85-07DDDC9D2D2F}.Debug|iPhoneSimulator.Build.0 = Debug|iPhoneSimulator
		{66E08892-7A0D-4733-BA85-07DDDC9D2D2F}.Debug|iPhoneSimulator.Deploy.0 = Debug|iPhoneSimulator
		{66E08892-7A0D-4733-BA85-07DDDC9D2D2F}.Release|Any CPU.ActiveCfg = Release|iPhoneSimulator
		{66E08892-7A0D-4733-BA85-07DDDC9D2D2F}.Release|Any CPU.Build.0 = Release|iPhoneSimulator
		{66E08892-7A0D-4733-BA85-07DDDC9D2D2F}.Release|Any CPU.Deploy.0 = Release|iPhoneSimulator
		{66E08892-7A0D-4733-BA85-07DDDC9D2D2F}.Release|iPhone.ActiveCfg = Release|iPhone
		{66E08892-7A0D-4733-BA85-07DDDC9D2D2F}.Release|iPhone.Build.0 = Release|iPhone
		{66E08892-7A0D-4733-BA85-07DDDC9D2D2F}.Release|iPhone.Deploy.0 = Release|iPhone
		{66E08892-7A0D-4733-BA85-07DDDC9D2D2F}.Release|iPhoneSimulator.ActiveCfg = Release|iPhoneSimulator
		{66E08892-7A0D-4733-BA85-07DDDC9D2D2F}.Release|iPhoneSimulator.Build.0 = Release|iPhoneSimulator
		{66E08892-7A0D-4733-BA85-07DDDC9D2D2F}.Release|iPhoneSimulator.Deploy.0 = Release|iPhoneSimulator
		{01601852-C477-4A83-91A9-9840F7077C51}.Debug|Any CPU.ActiveCfg = Debug|Any CPU
		{01601852-C477-4A83-91A9-9840F7077C51}.Debug|Any CPU.Build.0 = Debug|Any CPU
		{01601852-C477-4A83-91A9-9840F7077C51}.Debug|Any CPU.Deploy.0 = Debug|Any CPU
		{01601852-C477-4A83-91A9-9840F7077C51}.Debug|iPhone.ActiveCfg = Debug|Any CPU
		{01601852-C477-4A83-91A9-9840F7077C51}.Debug|iPhone.Build.0 = Debug|Any CPU
		{01601852-C477-4A83-91A9-9840F7077C51}.Debug|iPhone.Deploy.0 = Debug|Any CPU
		{01601852-C477-4A83-91A9-9840F7077C51}.Debug|iPhoneSimulator.ActiveCfg = Debug|Any CPU
		{01601852-C477-4A83-91A9-9840F7077C51}.Debug|iPhoneSimulator.Build.0 = Debug|Any CPU
		{01601852-C477-4A83-91A9-9840F7077C51}.Debug|iPhoneSimulator.Deploy.0 = Debug|Any CPU
		{01601852-C477-4A83-91A9-9840F7077C51}.Release|Any CPU.ActiveCfg = Release|Any CPU
		{01601852-C477-4A83-91A9-9840F7077C51}.Release|Any CPU.Build.0 = Release|Any CPU
		{01601852-C477-4A83-91A9-9840F7077C51}.Release|Any CPU.Deploy.0 = Release|Any CPU
		{01601852-C477-4A83-91A9-9840F7077C51}.Release|iPhone.ActiveCfg = Release|Any CPU
		{01601852-C477-4A83-91A9-9840F7077C51}.Release|iPhone.Build.0 = Release|Any CPU
		{01601852-C477-4A83-91A9-9840F7077C51}.Release|iPhone.Deploy.0 = Release|Any CPU
		{01601852-C477-4A83-91A9-9840F7077C51}.Release|iPhoneSimulator.ActiveCfg = Release|Any CPU
		{01601852-C477-4A83-91A9-9840F7077C51}.Release|iPhoneSimulator.Build.0 = Release|Any CPU
		{01601852-C477-4A83-91A9-9840F7077C51}.Release|iPhoneSimulator.Deploy.0 = Release|Any CPU
	EndGlobalSection
	GlobalSection(SolutionProperties) = preSolution
		HideSolutionNode = FALSE
	EndGlobalSection
	GlobalSection(ExtensibilityGlobals) = postSolution
		SolutionGuid = {AF7C2679-967A-4D64-8F4D-A05A84034495}
	EndGlobalSection
EndGlobal
